// !$*UTF8*$!
{
	archiveVersion = 1;
	classes = {
	};
	objectVersion = 50;
	objects = {

/* Begin PBXBuildFile section */
		BA35605E268B4FC10045CAD7 /* AppDelegate.swift in Sources */ = {isa = PBXBuildFile; fileRef = BA35605D268B4FC10045CAD7 /* AppDelegate.swift */; };
		BA356060268B4FC10045CAD7 /* SceneDelegate.swift in Sources */ = {isa = PBXBuildFile; fileRef = BA35605F268B4FC10045CAD7 /* SceneDelegate.swift */; };
		BA356062268B4FC10045CAD7 /* ViewController.swift in Sources */ = {isa = PBXBuildFile; fileRef = BA356061268B4FC10045CAD7 /* ViewController.swift */; };
		BA356065268B4FC10045CAD7 /* Main.storyboard in Resources */ = {isa = PBXBuildFile; fileRef = BA356063268B4FC10045CAD7 /* Main.storyboard */; };
		BA356067268B4FC40045CAD7 /* Assets.xcassets in Resources */ = {isa = PBXBuildFile; fileRef = BA356066268B4FC40045CAD7 /* Assets.xcassets */; };
		BA35606A268B4FC40045CAD7 /* LaunchScreen.storyboard in Resources */ = {isa = PBXBuildFile; fileRef = BA356068268B4FC40045CAD7 /* LaunchScreen.storyboard */; };
		BA356075268B4FC50045CAD7 /* subject_MVC15Tests.swift in Sources */ = {isa = PBXBuildFile; fileRef = BA356074268B4FC50045CAD7 /* subject_MVC15Tests.swift */; };
		BA356080268B4FC50045CAD7 /* subject_MVC15UITests.swift in Sources */ = {isa = PBXBuildFile; fileRef = BA35607F268B4FC50045CAD7 /* subject_MVC15UITests.swift */; };
/* End PBXBuildFile section */

/* Begin PBXContainerItemProxy section */
		BA356071268B4FC50045CAD7 /* PBXContainerItemProxy */ = {
			isa = PBXContainerItemProxy;
			containerPortal = BA356052268B4FC10045CAD7 /* Project object */;
			proxyType = 1;
			remoteGlobalIDString = BA356059268B4FC10045CAD7;
			remoteInfo = subject_MVC15;
		};
		BA35607C268B4FC50045CAD7 /* PBXContainerItemProxy */ = {
			isa = PBXContainerItemProxy;
			containerPortal = BA356052268B4FC10045CAD7 /* Project object */;
			proxyType = 1;
			remoteGlobalIDString = BA356059268B4FC10045CAD7;
			remoteInfo = subject_MVC15;
		};
/* End PBXContainerItemProxy section */

/* Begin PBXFileReference section */
		BA35605A268B4FC10045CAD7 /* subject_MVC15.app */ = {isa = PBXFileReference; explicitFileType = wrapper.application; includeInIndex = 0; path = subject_MVC15.app; sourceTree = BUILT_PRODUCTS_DIR; };
		BA35605D268B4FC10045CAD7 /* AppDelegate.swift */ = {isa = PBXFileReference; lastKnownFileType = sourcecode.swift; path = AppDelegate.swift; sourceTree = "<group>"; };
		BA35605F268B4FC10045CAD7 /* SceneDelegate.swift */ = {isa = PBXFileReference; lastKnownFileType = sourcecode.swift; path = SceneDelegate.swift; sourceTree = "<group>"; };
		BA356061268B4FC10045CAD7 /* ViewController.swift */ = {isa = PBXFileReference; lastKnownFileType = sourcecode.swift; path = ViewController.swift; sourceTree = "<group>"; };
		BA356064268B4FC10045CAD7 /* Base */ = {isa = PBXFileReference; lastKnownFileType = file.storyboard; name = Base; path = Base.lproj/Main.storyboard; sourceTree = "<group>"; };
		BA356066268B4FC40045CAD7 /* Assets.xcassets */ = {isa = PBXFileReference; lastKnownFileType = folder.assetcatalog; path = Assets.xcassets; sourceTree = "<group>"; };
		BA356069268B4FC40045CAD7 /* Base */ = {isa = PBXFileReference; lastKnownFileType = file.storyboard; name = Base; path = Base.lproj/LaunchScreen.storyboard; sourceTree = "<group>"; };
		BA35606B268B4FC40045CAD7 /* Info.plist */ = {isa = PBXFileReference; lastKnownFileType = text.plist.xml; path = Info.plist; sourceTree = "<group>"; };
		BA356070268B4FC50045CAD7 /* subject_MVC15Tests.xctest */ = {isa = PBXFileReference; explicitFileType = wrapper.cfbundle; includeInIndex = 0; path = subject_MVC15Tests.xctest; sourceTree = BUILT_PRODUCTS_DIR; };
		BA356074268B4FC50045CAD7 /* subject_MVC15Tests.swift */ = {isa = PBXFileReference; lastKnownFileType = sourcecode.swift; path = subject_MVC15Tests.swift; sourceTree = "<group>"; };
		BA356076268B4FC50045CAD7 /* Info.plist */ = {isa = PBXFileReference; lastKnownFileType = text.plist.xml; path = Info.plist; sourceTree = "<group>"; };
		BA35607B268B4FC50045CAD7 /* subject_MVC15UITests.xctest */ = {isa = PBXFileReference; explicitFileType = wrapper.cfbundle; includeInIndex = 0; path = subject_MVC15UITests.xctest; sourceTree = BUILT_PRODUCTS_DIR; };
		BA35607F268B4FC50045CAD7 /* subject_MVC15UITests.swift */ = {isa = PBXFileReference; lastKnownFileType = sourcecode.swift; path = subject_MVC15UITests.swift; sourceTree = "<group>"; };
		BA356081268B4FC50045CAD7 /* Info.plist */ = {isa = PBXFileReference; lastKnownFileType = text.plist.xml; path = Info.plist; sourceTree = "<group>"; };
/* End PBXFileReference section */

/* Begin PBXFrameworksBuildPhase section */
		BA356057268B4FC10045CAD7 /* Frameworks */ = {
			isa = PBXFrameworksBuildPhase;
			buildActionMask = 2147483647;
			files = (
			);
			runOnlyForDeploymentPostprocessing = 0;
		};
		BA35606D268B4FC50045CAD7 /* Frameworks */ = {
			isa = PBXFrameworksBuildPhase;
			buildActionMask = 2147483647;
			files = (
			);
			runOnlyForDeploymentPostprocessing = 0;
		};
		BA356078268B4FC50045CAD7 /* Frameworks */ = {
			isa = PBXFrameworksBuildPhase;
			buildActionMask = 2147483647;
			files = (
			);
			runOnlyForDeploymentPostprocessing = 0;
		};
/* End PBXFrameworksBuildPhase section */

/* Begin PBXGroup section */
		BA356051268B4FC10045CAD7 = {
			isa = PBXGroup;
			children = (
				BA35605C268B4FC10045CAD7 /* subject_MVC15 */,
				BA356073268B4FC50045CAD7 /* subject_MVC15Tests */,
				BA35607E268B4FC50045CAD7 /* subject_MVC15UITests */,
				BA35605B268B4FC10045CAD7 /* Products */,
			);
			sourceTree = "<group>";
		};
		BA35605B268B4FC10045CAD7 /* Products */ = {
			isa = PBXGroup;
			children = (
				BA35605A268B4FC10045CAD7 /* subject_MVC15.app */,
				BA356070268B4FC50045CAD7 /* subject_MVC15Tests.xctest */,
				BA35607B268B4FC50045CAD7 /* subject_MVC15UITests.xctest */,
			);
			name = Products;
			sourceTree = "<group>";
		};
		BA35605C268B4FC10045CAD7 /* subject_MVC15 */ = {
			isa = PBXGroup;
			children = (
				BA35608F268B4FF80045CAD7 /* Models */,
				BA35608E268B4FE40045CAD7 /* Views */,
				BA35608D268B4FD90045CAD7 /* Controllers */,
				BA35605D268B4FC10045CAD7 /* AppDelegate.swift */,
				BA35605F268B4FC10045CAD7 /* SceneDelegate.swift */,
				BA356066268B4FC40045CAD7 /* Assets.xcassets */,
				BA356068268B4FC40045CAD7 /* LaunchScreen.storyboard */,
				BA35606B268B4FC40045CAD7 /* Info.plist */,
			);
			path = subject_MVC15;
			sourceTree = "<group>";
		};
		BA356073268B4FC50045CAD7 /* subject_MVC15Tests */ = {
			isa = PBXGroup;
			children = (
				BA356074268B4FC50045CAD7 /* subject_MVC15Tests.swift */,
				BA356076268B4FC50045CAD7 /* Info.plist */,
			);
			path = subject_MVC15Tests;
			sourceTree = "<group>";
		};
		BA35607E268B4FC50045CAD7 /* subject_MVC15UITests */ = {
			isa = PBXGroup;
			children = (
				BA35607F268B4FC50045CAD7 /* subject_MVC15UITests.swift */,
				BA356081268B4FC50045CAD7 /* Info.plist */,
			);
			path = subject_MVC15UITests;
			sourceTree = "<group>";
		};
		BA35608D268B4FD90045CAD7 /* Controllers */ = {
			isa = PBXGroup;
			children = (
				BA356061268B4FC10045CAD7 /* ViewController.swift */,
			);
			path = Controllers;
			sourceTree = "<group>";
		};
		BA35608E268B4FE40045CAD7 /* Views */ = {
			isa = PBXGroup;
			children = (
				BA356063268B4FC10045CAD7 /* Main.storyboard */,
			);
			path = Views;
			sourceTree = "<group>";
		};
		BA35608F268B4FF80045CAD7 /* Models */ = {
			isa = PBXGroup;
			children = (
			);
			path = Models;
			sourceTree = "<group>";
		};
/* End PBXGroup section */

/* Begin PBXNativeTarget section */
		BA356059268B4FC10045CAD7 /* subject_MVC15 */ = {
			isa = PBXNativeTarget;
			buildConfigurationList = BA356084268B4FC50045CAD7 /* Build configuration list for PBXNativeTarget "subject_MVC15" */;
			buildPhases = (
				BA356056268B4FC10045CAD7 /* Sources */,
				BA356057268B4FC10045CAD7 /* Frameworks */,
				BA356058268B4FC10045CAD7 /* Resources */,
			);
			buildRules = (
			);
			dependencies = (
			);
			name = subject_MVC15;
			productName = subject_MVC15;
			productReference = BA35605A268B4FC10045CAD7 /* subject_MVC15.app */;
			productType = "com.apple.product-type.application";
		};
		BA35606F268B4FC50045CAD7 /* subject_MVC15Tests */ = {
			isa = PBXNativeTarget;
			buildConfigurationList = BA356087268B4FC50045CAD7 /* Build configuration list for PBXNativeTarget "subject_MVC15Tests" */;
			buildPhases = (
				BA35606C268B4FC50045CAD7 /* Sources */,
				BA35606D268B4FC50045CAD7 /* Frameworks */,
				BA35606E268B4FC50045CAD7 /* Resources */,
			);
			buildRules = (
			);
			dependencies = (
				BA356072268B4FC50045CAD7 /* PBXTargetDependency */,
			);
			name = subject_MVC15Tests;
			productName = subject_MVC15Tests;
			productReference = BA356070268B4FC50045CAD7 /* subject_MVC15Tests.xctest */;
			productType = "com.apple.product-type.bundle.unit-test";
		};
		BA35607A268B4FC50045CAD7 /* subject_MVC15UITests */ = {
			isa = PBXNativeTarget;
			buildConfigurationList = BA35608A268B4FC50045CAD7 /* Build configuration list for PBXNativeTarget "subject_MVC15UITests" */;
			buildPhases = (
				BA356077268B4FC50045CAD7 /* Sources */,
				BA356078268B4FC50045CAD7 /* Frameworks */,
				BA356079268B4FC50045CAD7 /* Resources */,
			);
			buildRules = (
			);
			dependencies = (
				BA35607D268B4FC50045CAD7 /* PBXTargetDependency */,
			);
			name = subject_MVC15UITests;
			productName = subject_MVC15UITests;
			productReference = BA35607B268B4FC50045CAD7 /* subject_MVC15UITests.xctest */;
			productType = "com.apple.product-type.bundle.ui-testing";
		};
/* End PBXNativeTarget section */

/* Begin PBXProject section */
		BA356052268B4FC10045CAD7 /* Project object */ = {
			isa = PBXProject;
			attributes = {
				LastSwiftUpdateCheck = 1250;
				LastUpgradeCheck = 1250;
				TargetAttributes = {
					BA356059268B4FC10045CAD7 = {
						CreatedOnToolsVersion = 12.5;
					};
					BA35606F268B4FC50045CAD7 = {
						CreatedOnToolsVersion = 12.5;
						TestTargetID = BA356059268B4FC10045CAD7;
					};
					BA35607A268B4FC50045CAD7 = {
						CreatedOnToolsVersion = 12.5;
						TestTargetID = BA356059268B4FC10045CAD7;
					};
				};
			};
			buildConfigurationList = BA356055268B4FC10045CAD7 /* Build configuration list for PBXProject "subject_MVC15" */;
			compatibilityVersion = "Xcode 9.3";
			developmentRegion = en;
			hasScannedForEncodings = 0;
			knownRegions = (
				en,
				Base,
			);
			mainGroup = BA356051268B4FC10045CAD7;
			productRefGroup = BA35605B268B4FC10045CAD7 /* Products */;
			projectDirPath = "";
			projectRoot = "";
			targets = (
				BA356059268B4FC10045CAD7 /* subject_MVC15 */,
				BA35606F268B4FC50045CAD7 /* subject_MVC15Tests */,
				BA35607A268B4FC50045CAD7 /* subject_MVC15UITests */,
			);
		};
/* End PBXProject section */

/* Begin PBXResourcesBuildPhase section */
		BA356058268B4FC10045CAD7 /* Resources */ = {
			isa = PBXResourcesBuildPhase;
			buildActionMask = 2147483647;
			files = (
				BA35606A268B4FC40045CAD7 /* LaunchScreen.storyboard in Resources */,
				BA356067268B4FC40045CAD7 /* Assets.xcassets in Resources */,
				BA356065268B4FC10045CAD7 /* Main.storyboard in Resources */,
			);
			runOnlyForDeploymentPostprocessing = 0;
		};
		BA35606E268B4FC50045CAD7 /* Resources */ = {
			isa = PBXResourcesBuildPhase;
			buildActionMask = 2147483647;
			files = (
			);
			runOnlyForDeploymentPostprocessing = 0;
		};
		BA356079268B4FC50045CAD7 /* Resources */ = {
			isa = PBXResourcesBuildPhase;
			buildActionMask = 2147483647;
			files = (
			);
			runOnlyForDeploymentPostprocessing = 0;
		};
/* End PBXResourcesBuildPhase section */

/* Begin PBXSourcesBuildPhase section */
		BA356056268B4FC10045CAD7 /* Sources */ = {
			isa = PBXSourcesBuildPhase;
			buildActionMask = 2147483647;
			files = (
				BA356062268B4FC10045CAD7 /* ViewController.swift in Sources */,
				BA35605E268B4FC10045CAD7 /* AppDelegate.swift in Sources */,
				BA356060268B4FC10045CAD7 /* SceneDelegate.swift in Sources */,
			);
			runOnlyForDeploymentPostprocessing = 0;
		};
		BA35606C268B4FC50045CAD7 /* Sources */ = {
			isa = PBXSourcesBuildPhase;
			buildActionMask = 2147483647;
			files = (
				BA356075268B4FC50045CAD7 /* subject_MVC15Tests.swift in Sources */,
			);
			runOnlyForDeploymentPostprocessing = 0;
		};
		BA356077268B4FC50045CAD7 /* Sources */ = {
			isa = PBXSourcesBuildPhase;
			buildActionMask = 2147483647;
			files = (
				BA356080268B4FC50045CAD7 /* subject_MVC15UITests.swift in Sources */,
			);
			runOnlyForDeploymentPostprocessing = 0;
		};
/* End PBXSourcesBuildPhase section */

/* Begin PBXTargetDependency section */
		BA356072268B4FC50045CAD7 /* PBXTargetDependency */ = {
			isa = PBXTargetDependency;
			target = BA356059268B4FC10045CAD7 /* subject_MVC15 */;
			targetProxy = BA356071268B4FC50045CAD7 /* PBXContainerItemProxy */;
		};
		BA35607D268B4FC50045CAD7 /* PBXTargetDependency */ = {
			isa = PBXTargetDependency;
			target = BA356059268B4FC10045CAD7 /* subject_MVC15 */;
			targetProxy = BA35607C268B4FC50045CAD7 /* PBXContainerItemProxy */;
		};
/* End PBXTargetDependency section */

/* Begin PBXVariantGroup section */
		BA356063268B4FC10045CAD7 /* Main.storyboard */ = {
			isa = PBXVariantGroup;
			children = (
				BA356064268B4FC10045CAD7 /* Base */,
			);
			name = Main.storyboard;
			sourceTree = "<group>";
		};
		BA356068268B4FC40045CAD7 /* LaunchScreen.storyboard */ = {
			isa = PBXVariantGroup;
			children = (
				BA356069268B4FC40045CAD7 /* Base */,
			);
			name = LaunchScreen.storyboard;
			sourceTree = "<group>";
		};
/* End PBXVariantGroup section */

/* Begin XCBuildConfiguration section */
		BA356082268B4FC50045CAD7 /* Debug */ = {
			isa = XCBuildConfiguration;
			buildSettings = {
				ALWAYS_SEARCH_USER_PATHS = NO;
				CLANG_ANALYZER_NONNULL = YES;
				CLANG_ANALYZER_NUMBER_OBJECT_CONVERSION = YES_AGGRESSIVE;
				CLANG_CXX_LANGUAGE_STANDARD = "gnu++14";
				CLANG_CXX_LIBRARY = "libc++";
				CLANG_ENABLE_MODULES = YES;
				CLANG_ENABLE_OBJC_ARC = YES;
				CLANG_ENABLE_OBJC_WEAK = YES;
				CLANG_WARN_BLOCK_CAPTURE_AUTORELEASING = YES;
				CLANG_WARN_BOOL_CONVERSION = YES;
				CLANG_WARN_COMMA = YES;
				CLANG_WARN_CONSTANT_CONVERSION = YES;
				CLANG_WARN_DEPRECATED_OBJC_IMPLEMENTATIONS = YES;
				CLANG_WARN_DIRECT_OBJC_ISA_USAGE = YES_ERROR;
				CLANG_WARN_DOCUMENTATION_COMMENTS = YES;
				CLANG_WARN_EMPTY_BODY = YES;
				CLANG_WARN_ENUM_CONVERSION = YES;
				CLANG_WARN_INFINITE_RECURSION = YES;
				CLANG_WARN_INT_CONVERSION = YES;
				CLANG_WARN_NON_LITERAL_NULL_CONVERSION = YES;
				CLANG_WARN_OBJC_IMPLICIT_RETAIN_SELF = YES;
				CLANG_WARN_OBJC_LITERAL_CONVERSION = YES;
				CLANG_WARN_OBJC_ROOT_CLASS = YES_ERROR;
				CLANG_WARN_QUOTED_INCLUDE_IN_FRAMEWORK_HEADER = YES;
				CLANG_WARN_RANGE_LOOP_ANALYSIS = YES;
				CLANG_WARN_STRICT_PROTOTYPES = YES;
				CLANG_WARN_SUSPICIOUS_MOVE = YES;
				CLANG_WARN_UNGUARDED_AVAILABILITY = YES_AGGRESSIVE;
				CLANG_WARN_UNREACHABLE_CODE = YES;
				CLANG_WARN__DUPLICATE_METHOD_MATCH = YES;
				COPY_PHASE_STRIP = NO;
				DEBUG_INFORMATION_FORMAT = dwarf;
				ENABLE_STRICT_OBJC_MSGSEND = YES;
				ENABLE_TESTABILITY = YES;
				GCC_C_LANGUAGE_STANDARD = gnu11;
				GCC_DYNAMIC_NO_PIC = NO;
				GCC_NO_COMMON_BLOCKS = YES;
				GCC_OPTIMIZATION_LEVEL = 0;
				GCC_PREPROCESSOR_DEFINITIONS = (
					"DEBUG=1",
					"$(inherited)",
				);
				GCC_WARN_64_TO_32_BIT_CONVERSION = YES;
				GCC_WARN_ABOUT_RETURN_TYPE = YES_ERROR;
				GCC_WARN_UNDECLARED_SELECTOR = YES;
				GCC_WARN_UNINITIALIZED_AUTOS = YES_AGGRESSIVE;
				GCC_WARN_UNUSED_FUNCTION = YES;
				GCC_WARN_UNUSED_VARIABLE = YES;
				IPHONEOS_DEPLOYMENT_TARGET = 14.5;
				MTL_ENABLE_DEBUG_INFO = INCLUDE_SOURCE;
				MTL_FAST_MATH = YES;
				ONLY_ACTIVE_ARCH = YES;
				SDKROOT = iphoneos;
				SWIFT_ACTIVE_COMPILATION_CONDITIONS = DEBUG;
				SWIFT_OPTIMIZATION_LEVEL = "-Onone";
			};
			name = Debug;
		};
		BA356083268B4FC50045CAD7 /* Release */ = {
			isa = XCBuildConfiguration;
			buildSettings = {
				ALWAYS_SEARCH_USER_PATHS = NO;
				CLANG_ANALYZER_NONNULL = YES;
				CLANG_ANALYZER_NUMBER_OBJECT_CONVERSION = YES_AGGRESSIVE;
				CLANG_CXX_LANGUAGE_STANDARD = "gnu++14";
				CLANG_CXX_LIBRARY = "libc++";
				CLANG_ENABLE_MODULES = YES;
				CLANG_ENABLE_OBJC_ARC = YES;
				CLANG_ENABLE_OBJC_WEAK = YES;
				CLANG_WARN_BLOCK_CAPTURE_AUTORELEASING = YES;
				CLANG_WARN_BOOL_CONVERSION = YES;
				CLANG_WARN_COMMA = YES;
				CLANG_WARN_CONSTANT_CONVERSION = YES;
				CLANG_WARN_DEPRECATED_OBJC_IMPLEMENTATIONS = YES;
				CLANG_WARN_DIRECT_OBJC_ISA_USAGE = YES_ERROR;
				CLANG_WARN_DOCUMENTATION_COMMENTS = YES;
				CLANG_WARN_EMPTY_BODY = YES;
				CLANG_WARN_ENUM_CONVERSION = YES;
				CLANG_WARN_INFINITE_RECURSION = YES;
				CLANG_WARN_INT_CONVERSION = YES;
				CLANG_WARN_NON_LITERAL_NULL_CONVERSION = YES;
				CLANG_WARN_OBJC_IMPLICIT_RETAIN_SELF = YES;
				CLANG_WARN_OBJC_LITERAL_CONVERSION = YES;
				CLANG_WARN_OBJC_ROOT_CLASS = YES_ERROR;
				CLANG_WARN_QUOTED_INCLUDE_IN_FRAMEWORK_HEADER = YES;
				CLANG_WARN_RANGE_LOOP_ANALYSIS = YES;
				CLANG_WARN_STRICT_PROTOTYPES = YES;
				CLANG_WARN_SUSPICIOUS_MOVE = YES;
				CLANG_WARN_UNGUARDED_AVAILABILITY = YES_AGGRESSIVE;
				CLANG_WARN_UNREACHABLE_CODE = YES;
				CLANG_WARN__DUPLICATE_METHOD_MATCH = YES;
				COPY_PHASE_STRIP = NO;
				DEBUG_INFORMATION_FORMAT = "dwarf-with-dsym";
				ENABLE_NS_ASSERTIONS = NO;
				ENABLE_STRICT_OBJC_MSGSEND = YES;
				GCC_C_LANGUAGE_STANDARD = gnu11;
				GCC_NO_COMMON_BLOCKS = YES;
				GCC_WARN_64_TO_32_BIT_CONVERSION = YES;
				GCC_WARN_ABOUT_RETURN_TYPE = YES_ERROR;
				GCC_WARN_UNDECLARED_SELECTOR = YES;
				GCC_WARN_UNINITIALIZED_AUTOS = YES_AGGRESSIVE;
				GCC_WARN_UNUSED_FUNCTION = YES;
				GCC_WARN_UNUSED_VARIABLE = YES;
				IPHONEOS_DEPLOYMENT_TARGET = 14.5;
				MTL_ENABLE_DEBUG_INFO = NO;
				MTL_FAST_MATH = YES;
				SDKROOT = iphoneos;
				SWIFT_COMPILATION_MODE = wholemodule;
				SWIFT_OPTIMIZATION_LEVEL = "-O";
				VALIDATE_PRODUCT = YES;
			};
			name = Release;
		};
		BA356085268B4FC50045CAD7 /* Debug */ = {
			isa = XCBuildConfiguration;
			buildSettings = {
				ASSETCATALOG_COMPILER_APPICON_NAME = AppIcon;
				ASSETCATALOG_COMPILER_GLOBAL_ACCENT_COLOR_NAME = AccentColor;
				CODE_SIGN_STYLE = Automatic;
				DEVELOPMENT_TEAM = T74T7UNB27;
				INFOPLIST_FILE = subject_MVC15/Info.plist;
				IPHONEOS_DEPLOYMENT_TARGET = 13.0;
				LD_RUNPATH_SEARCH_PATHS = (
					"$(inherited)",
					"@executable_path/Frameworks",
				);
				PRODUCT_BUNDLE_IDENTIFIER = "ponta410422-icloud.com.subject-MVC15";
				PRODUCT_NAME = "$(TARGET_NAME)";
				SWIFT_VERSION = 5.0;
				TARGETED_DEVICE_FAMILY = "1,2";
			};
			name = Debug;
		};
		BA356086268B4FC50045CAD7 /* Release */ = {
			isa = XCBuildConfiguration;
			buildSettings = {
				ASSETCATALOG_COMPILER_APPICON_NAME = AppIcon;
				ASSETCATALOG_COMPILER_GLOBAL_ACCENT_COLOR_NAME = AccentColor;
				CODE_SIGN_STYLE = Automatic;
				DEVELOPMENT_TEAM = T74T7UNB27;
				INFOPLIST_FILE = subject_MVC15/Info.plist;
				IPHONEOS_DEPLOYMENT_TARGET = 13.0;
				LD_RUNPATH_SEARCH_PATHS = (
					"$(inherited)",
					"@executable_path/Frameworks",
				);
				PRODUCT_BUNDLE_IDENTIFIER = "ponta410422-icloud.com.subject-MVC15";
				PRODUCT_NAME = "$(TARGET_NAME)";
				SWIFT_VERSION = 5.0;
				TARGETED_DEVICE_FAMILY = "1,2";
			};
			name = Release;
		};
		BA356088268B4FC50045CAD7 /* Debug */ = {
			isa = XCBuildConfiguration;
			buildSettings = {
				ALWAYS_EMBED_SWIFT_STANDARD_LIBRARIES = YES;
				BUNDLE_LOADER = "$(TEST_HOST)";
				CODE_SIGN_STYLE = Automatic;
				DEVELOPMENT_TEAM = T74T7UNB27;
				INFOPLIST_FILE = subject_MVC15Tests/Info.plist;
				IPHONEOS_DEPLOYMENT_TARGET = 14.5;
				LD_RUNPATH_SEARCH_PATHS = (
					"$(inherited)",
					"@executable_path/Frameworks",
					"@loader_path/Frameworks",
				);
				PRODUCT_BUNDLE_IDENTIFIER = "ponta410422-icloud.com.subject-MVC15Tests";
				PRODUCT_NAME = "$(TARGET_NAME)";
				SWIFT_VERSION = 5.0;
				TARGETED_DEVICE_FAMILY = "1,2";
				TEST_HOST = "$(BUILT_PRODUCTS_DIR)/subject_MVC15.app/subject_MVC15";
			};
			name = Debug;
		};
		BA356089268B4FC50045CAD7 /* Release */ = {
			isa = XCBuildConfiguration;
			buildSettings = {
				ALWAYS_EMBED_SWIFT_STANDARD_LIBRARIES = YES;
				BUNDLE_LOADER = "$(TEST_HOST)";
				CODE_SIGN_STYLE = Automatic;
				DEVELOPMENT_TEAM = T74T7UNB27;
				INFOPLIST_FILE = subject_MVC15Tests/Info.plist;
				IPHONEOS_DEPLOYMENT_TARGET = 14.5;
				LD_RUNPATH_SEARCH_PATHS = (
					"$(inherited)",
					"@executable_path/Frameworks",
					"@loader_path/Frameworks",
				);
				PRODUCT_BUNDLE_IDENTIFIER = "ponta410422-icloud.com.subject-MVC15Tests";
				PRODUCT_NAME = "$(TARGET_NAME)";
				SWIFT_VERSION = 5.0;
				TARGETED_DEVICE_FAMILY = "1,2";
				TEST_HOST = "$(BUILT_PRODUCTS_DIR)/subject_MVC15.app/subject_MVC15";
			};
			name = Release;
		};
		BA35608B268B4FC50045CAD7 /* Debug */ = {
			isa = XCBuildConfiguration;
			buildSettings = {
				ALWAYS_EMBED_SWIFT_STANDARD_LIBRARIES = YES;
				CODE_SIGN_STYLE = Automatic;
				DEVELOPMENT_TEAM = T74T7UNB27;
				INFOPLIST_FILE = subject_MVC15UITests/Info.plist;
				LD_RUNPATH_SEARCH_PATHS = (
					"$(inherited)",
					"@executable_path/Frameworks",
					"@loader_path/Frameworks",
				);
				PRODUCT_BUNDLE_IDENTIFIER = "ponta410422-icloud.com.subject-MVC15UITests";
				PRODUCT_NAME = "$(TARGET_NAME)";
				SWIFT_VERSION = 5.0;
				TARGETED_DEVICE_FAMILY = "1,2";
				TEST_TARGET_NAME = subject_MVC15;
			};
			name = Debug;
		};
		BA35608C268B4FC50045CAD7 /* Release */ = {
			isa = XCBuildConfiguration;
			buildSettings = {
				ALWAYS_EMBED_SWIFT_STANDARD_LIBRARIES = YES;
				CODE_SIGN_STYLE = Automatic;
				DEVELOPMENT_TEAM = T74T7UNB27;
				INFOPLIST_FILE = subject_MVC15UITests/Info.plist;
				LD_RUNPATH_SEARCH_PATHS = (
					"$(inherited)",
					"@executable_path/Frameworks",
					"@loader_path/Frameworks",
				);
				PRODUCT_BUNDLE_IDENTIFIER = "ponta410422-icloud.com.subject-MVC15UITests";
				PRODUCT_NAME = "$(TARGET_NAME)";
				SWIFT_VERSION = 5.0;
				TARGETED_DEVICE_FAMILY = "1,2";
				TEST_TARGET_NAME = subject_MVC15;
			};
			name = Release;
		};
/* End XCBuildConfiguration section */

/* Begin XCConfigurationList section */
		BA356055268B4FC10045CAD7 /* Build configuration list for PBXProject "subject_MVC15" */ = {
			isa = XCConfigurationList;
			buildConfigurations = (
				BA356082268B4FC50045CAD7 /* Debug */,
				BA356083268B4FC50045CAD7 /* Release */,
			);
			defaultConfigurationIsVisible = 0;
			defaultConfigurationName = Release;
		};
		BA356084268B4FC50045CAD7 /* Build configuration list for PBXNativeTarget "subject_MVC15" */ = {
			isa = XCConfigurationList;
			buildConfigurations = (
				BA356085268B4FC50045CAD7 /* Debug */,
				BA356086268B4FC50045CAD7 /* Release */,
			);
			defaultConfigurationIsVisible = 0;
			defaultConfigurationName = Release;
		};
		BA356087268B4FC50045CAD7 /* Build configuration list for PBXNativeTarget "subject_MVC15Tests" */ = {
			isa = XCConfigurationList;
			buildConfigurations = (
				BA356088268B4FC50045CAD7 /* Debug */,
				BA356089268B4FC50045CAD7 /* Release */,
			);
			defaultConfigurationIsVisible = 0;
			defaultConfigurationName = Release;
		};
		BA35608A268B4FC50045CAD7 /* Build configuration list for PBXNativeTarget "subject_MVC15UITests" */ = {
			isa = XCConfigurationList;
			buildConfigurations = (
				BA35608B268B4FC50045CAD7 /* Debug */,
				BA35608C268B4FC50045CAD7 /* Release */,
			);
			defaultConfigurationIsVisible = 0;
			defaultConfigurationName = Release;
		};
/* End XCConfigurationList section */
	};
	rootObject = BA356052268B4FC10045CAD7 /* Project object */;
}
